
Microsoft Visual Studio Solution File, Format Version 12.00
# Visual Studio Version 17
VisualStudioVersion = 17.7.34024.191
MinimumVisualStudioVersion = 10.0.40219.1
Project("{8BC9CEB8-8B4A-11D0-8D11-00A0C91BC942}") = "FirstConsoleApplication", "FirstConsoleApplication\FirstConsoleApplication.vcxproj", "{C4F4D03B-30EB-4BCF-8EE9-3C67F188C462}"
EndProject
Project("{2150E333-8FDC-42A3-9474-1A3956D46DE8}") = "01 Podstawy", "01 Podstawy", "{0CA2633D-0F21-4FD8-BBE8-F28D2E1B5E82}"
EndProject
Project("{2150E333-8FDC-42A3-9474-1A3956D46DE8}") = "02Instrukcje decyzyjne", "02Instrukcje decyzyjne", "{E0329523-B12D-4FDB-8F6A-4F3156D83E08}"
EndProject
Project("{8BC9CEB8-8B4A-11D0-8D11-00A0C91BC942}") = "InstructionConsoleApplication", "InstructionConsoleApplication\InstructionConsoleApplication.vcxproj", "{FB555925-1C46-4AB1-84D9-573A5FDBCD9D}"
EndProject
Project("{8BC9CEB8-8B4A-11D0-8D11-00A0C91BC942}") = "LoopConsoleApplication", "LoopConsoleApplication\LoopConsoleApplication.vcxproj", "{003CC757-48D8-4536-B759-8B431B19CADE}"
EndProject
Project("{2150E333-8FDC-42A3-9474-1A3956D46DE8}") = "3 kolekcje", "3 kolekcje", "{75F9E683-3855-4771-8B4F-6EB1160C7EC2}"
EndProject
Project("{8BC9CEB8-8B4A-11D0-8D11-00A0C91BC942}") = "StringConsoleApplication", "StringConsoleApplication\StringConsoleApplication.vcxproj", "{EAB61978-C639-4A3C-A9F3-19C25C822427}"
EndProject
Project("{2150E333-8FDC-42A3-9474-1A3956D46DE8}") = "NewFolder1", "NewFolder1", "{81E5A231-1E67-4F83-A142-7877537E9224}"
EndProject
Project("{2150E333-8FDC-42A3-9474-1A3956D46DE8}") = "04 konsole", "04 konsole", "{C5F13CA6-7766-4A7A-A230-13F51F180790}"
EndProject
Project("{8BC9CEB8-8B4A-11D0-8D11-00A0C91BC942}") = "ArrayConsoleApplication", "ArrayConsoleApplication\ArrayConsoleApplication.vcxproj", "{117F1787-1D7F-46FB-A0FB-006B20FD200C}"
EndProject
Project("{2150E333-8FDC-42A3-9474-1A3956D46DE8}") = "05 StructConsoleApplication", "05 StructConsoleApplication", "{D1A5EAD3-10E0-4A22-A354-AEC9D7E651EF}"
EndProject
Project("{8BC9CEB8-8B4A-11D0-8D11-00A0C91BC942}") = "StructConsoleApplication", "StructConsoleApplication\StructConsoleApplication.vcxproj", "{7088FF16-209F-4EEC-AA79-531A8F32068B}"
EndProject
Project("{2150E333-8FDC-42A3-9474-1A3956D46DE8}") = "NewFolder1", "NewFolder1", "{D098E24C-B68C-423C-A65E-62D57CF1FB43}"
EndProject
Global
	GlobalSection(SolutionConfigurationPlatforms) = preSolution
		Debug|Any CPU = Debug|Any CPU
		Debug|x64 = Debug|x64
		Debug|x86 = Debug|x86
		Release|Any CPU = Release|Any CPU
		Release|x64 = Release|x64
		Release|x86 = Release|x86
	EndGlobalSection
	GlobalSection(ProjectConfigurationPlatforms) = postSolution
		{C4F4D03B-30EB-4BCF-8EE9-3C67F188C462}.Debug|Any CPU.ActiveCfg = Debug|x64
		{C4F4D03B-30EB-4BCF-8EE9-3C67F188C462}.Debug|Any CPU.Build.0 = Debug|x64
		{C4F4D03B-30EB-4BCF-8EE9-3C67F188C462}.Debug|x64.ActiveCfg = Debug|x64
		{C4F4D03B-30EB-4BCF-8EE9-3C67F188C462}.Debug|x64.Build.0 = Debug|x64
		{C4F4D03B-30EB-4BCF-8EE9-3C67F188C462}.Debug|x86.ActiveCfg = Debug|Win32
		{C4F4D03B-30EB-4BCF-8EE9-3C67F188C462}.Debug|x86.Build.0 = Debug|Win32
		{C4F4D03B-30EB-4BCF-8EE9-3C67F188C462}.Release|Any CPU.ActiveCfg = Release|x64
		{C4F4D03B-30EB-4BCF-8EE9-3C67F188C462}.Release|Any CPU.Build.0 = Release|x64
		{C4F4D03B-30EB-4BCF-8EE9-3C67F188C462}.Release|x64.ActiveCfg = Release|x64
		{C4F4D03B-30EB-4BCF-8EE9-3C67F188C462}.Release|x64.Build.0 = Release|x64
		{C4F4D03B-30EB-4BCF-8EE9-3C67F188C462}.Release|x86.ActiveCfg = Release|Win32
		{C4F4D03B-30EB-4BCF-8EE9-3C67F188C462}.Release|x86.Build.0 = Release|Win32
		{FB555925-1C46-4AB1-84D9-573A5FDBCD9D}.Debug|Any CPU.ActiveCfg = Debug|x64
		{FB555925-1C46-4AB1-84D9-573A5FDBCD9D}.Debug|Any CPU.Build.0 = Debug|x64
		{FB555925-1C46-4AB1-84D9-573A5FDBCD9D}.Debug|x64.ActiveCfg = Debug|x64
		{FB555925-1C46-4AB1-84D9-573A5FDBCD9D}.Debug|x64.Build.0 = Debug|x64
		{FB555925-1C46-4AB1-84D9-573A5FDBCD9D}.Debug|x86.ActiveCfg = Debug|Win32
		{FB555925-1C46-4AB1-84D9-573A5FDBCD9D}.Debug|x86.Build.0 = Debug|Win32
		{FB555925-1C46-4AB1-84D9-573A5FDBCD9D}.Release|Any CPU.ActiveCfg = Release|x64
		{FB555925-1C46-4AB1-84D9-573A5FDBCD9D}.Release|Any CPU.Build.0 = Release|x64
		{FB555925-1C46-4AB1-84D9-573A5FDBCD9D}.Release|x64.ActiveCfg = Release|x64
		{FB555925-1C46-4AB1-84D9-573A5FDBCD9D}.Release|x64.Build.0 = Release|x64
		{FB555925-1C46-4AB1-84D9-573A5FDBCD9D}.Release|x86.ActiveCfg = Release|Win32
		{FB555925-1C46-4AB1-84D9-573A5FDBCD9D}.Release|x86.Build.0 = Release|Win32
		{003CC757-48D8-4536-B759-8B431B19CADE}.Debug|Any CPU.ActiveCfg = Debug|x64
		{003CC757-48D8-4536-B759-8B431B19CADE}.Debug|Any CPU.Build.0 = Debug|x64
		{003CC757-48D8-4536-B759-8B431B19CADE}.Debug|x64.ActiveCfg = Debug|x64
		{003CC757-48D8-4536-B759-8B431B19CADE}.Debug|x64.Build.0 = Debug|x64
		{003CC757-48D8-4536-B759-8B431B19CADE}.Debug|x86.ActiveCfg = Debug|Win32
		{003CC757-48D8-4536-B759-8B431B19CADE}.Debug|x86.Build.0 = Debug|Win32
		{003CC757-48D8-4536-B759-8B431B19CADE}.Release|Any CPU.ActiveCfg = Release|x64
		{003CC757-48D8-4536-B759-8B431B19CADE}.Release|Any CPU.Build.0 = Release|x64
		{003CC757-48D8-4536-B759-8B431B19CADE}.Release|x64.ActiveCfg = Release|x64
		{003CC757-48D8-4536-B759-8B431B19CADE}.Release|x64.Build.0 = Release|x64
		{003CC757-48D8-4536-B759-8B431B19CADE}.Release|x86.ActiveCfg = Release|Win32
		{003CC757-48D8-4536-B759-8B431B19CADE}.Release|x86.Build.0 = Release|Win32
		{EAB61978-C639-4A3C-A9F3-19C25C822427}.Debug|Any CPU.ActiveCfg = Debug|x64
		{EAB61978-C639-4A3C-A9F3-19C25C822427}.Debug|Any CPU.Build.0 = Debug|x64
		{EAB61978-C639-4A3C-A9F3-19C25C822427}.Debug|x64.ActiveCfg = Debug|x64
		{EAB61978-C639-4A3C-A9F3-19C25C822427}.Debug|x64.Build.0 = Debug|x64
		{EAB61978-C639-4A3C-A9F3-19C25C822427}.Debug|x86.ActiveCfg = Debug|Win32
		{EAB61978-C639-4A3C-A9F3-19C25C822427}.Debug|x86.Build.0 = Debug|Win32
		{EAB61978-C639-4A3C-A9F3-19C25C822427}.Release|Any CPU.ActiveCfg = Release|x64
		{EAB61978-C639-4A3C-A9F3-19C25C822427}.Release|Any CPU.Build.0 = Release|x64
		{EAB61978-C639-4A3C-A9F3-19C25C822427}.Release|x64.ActiveCfg = Release|x64
		{EAB61978-C639-4A3C-A9F3-19C25C822427}.Release|x64.Build.0 = Release|x64
		{EAB61978-C639-4A3C-A9F3-19C25C822427}.Release|x86.ActiveCfg = Release|Win32
		{EAB61978-C639-4A3C-A9F3-19C25C822427}.Release|x86.Build.0 = Release|Win32
		{117F1787-1D7F-46FB-A0FB-006B20FD200C}.Debug|Any CPU.ActiveCfg = Debug|x64
		{117F1787-1D7F-46FB-A0FB-006B20FD200C}.Debug|Any CPU.Build.0 = Debug|x64
		{117F1787-1D7F-46FB-A0FB-006B20FD200C}.Debug|x64.ActiveCfg = Debug|x64
		{117F1787-1D7F-46FB-A0FB-006B20FD200C}.Debug|x64.Build.0 = Debug|x64
		{117F1787-1D7F-46FB-A0FB-006B20FD200C}.Debug|x86.ActiveCfg = Debug|Win32
		{117F1787-1D7F-46FB-A0FB-006B20FD200C}.Debug|x86.Build.0 = Debug|Win32
		{117F1787-1D7F-46FB-A0FB-006B20FD200C}.Release|Any CPU.ActiveCfg = Release|x64
		{117F1787-1D7F-46FB-A0FB-006B20FD200C}.Release|Any CPU.Build.0 = Release|x64
		{117F1787-1D7F-46FB-A0FB-006B20FD200C}.Release|x64.ActiveCfg = Release|x64
		{117F1787-1D7F-46FB-A0FB-006B20FD200C}.Release|x64.Build.0 = Release|x64
		{117F1787-1D7F-46FB-A0FB-006B20FD200C}.Release|x86.ActiveCfg = Release|Win32
		{117F1787-1D7F-46FB-A0FB-006B20FD200C}.Release|x86.Build.0 = Release|Win32
		{7088FF16-209F-4EEC-AA79-531A8F32068B}.Debug|Any CPU.ActiveCfg = Debug|x64
		{7088FF16-209F-4EEC-AA79-531A8F32068B}.Debug|Any CPU.Build.0 = Debug|x64
		{7088FF16-209F-4EEC-AA79-531A8F32068B}.Debug|x64.ActiveCfg = Debug|x64
		{7088FF16-209F-4EEC-AA79-531A8F32068B}.Debug|x64.Build.0 = Debug|x64
		{7088FF16-209F-4EEC-AA79-531A8F32068B}.Debug|x86.ActiveCfg = Debug|Win32
		{7088FF16-209F-4EEC-AA79-531A8F32068B}.Debug|x86.Build.0 = Debug|Win32
		{7088FF16-209F-4EEC-AA79-531A8F32068B}.Release|Any CPU.ActiveCfg = Release|x64
		{7088FF16-209F-4EEC-AA79-531A8F32068B}.Release|Any CPU.Build.0 = Release|x64
		{7088FF16-209F-4EEC-AA79-531A8F32068B}.Release|x64.ActiveCfg = Release|x64
		{7088FF16-209F-4EEC-AA79-531A8F32068B}.Release|x64.Build.0 = Release|x64
		{7088FF16-209F-4EEC-AA79-531A8F32068B}.Release|x86.ActiveCfg = Release|Win32
		{7088FF16-209F-4EEC-AA79-531A8F32068B}.Release|x86.Build.0 = Release|Win32
	EndGlobalSection
	GlobalSection(SolutionProperties) = preSolution
		HideSolutionNode = FALSE
	EndGlobalSection
	GlobalSection(NestedProjects) = preSolution
		{C4F4D03B-30EB-4BCF-8EE9-3C67F188C462} = {0CA2633D-0F21-4FD8-BBE8-F28D2E1B5E82}
		{FB555925-1C46-4AB1-84D9-573A5FDBCD9D} = {E0329523-B12D-4FDB-8F6A-4F3156D83E08}
		{003CC757-48D8-4536-B759-8B431B19CADE} = {E0329523-B12D-4FDB-8F6A-4F3156D83E08}
		{EAB61978-C639-4A3C-A9F3-19C25C822427} = {75F9E683-3855-4771-8B4F-6EB1160C7EC2}
		{81E5A231-1E67-4F83-A142-7877537E9224} = {0CA2633D-0F21-4FD8-BBE8-F28D2E1B5E82}
		{117F1787-1D7F-46FB-A0FB-006B20FD200C} = {C5F13CA6-7766-4A7A-A230-13F51F180790}
		{7088FF16-209F-4EEC-AA79-531A8F32068B} = {D1A5EAD3-10E0-4A22-A354-AEC9D7E651EF}
	EndGlobalSection
	GlobalSection(ExtensibilityGlobals) = postSolution
		SolutionGuid = {447C5903-EB2E-4B6C-8959-8A6F0AFB6A04}
	EndGlobalSection
EndGlobal
